
Microsoft Visual Studio Solution File, Format Version 12.00
# Visual Studio Version 17
VisualStudioVersion = 17.3.32804.467
MinimumVisualStudioVersion = 10.0.40219.1
Project("{FAE04EC0-301F-11D3-BF4B-00C04F79EFBC}") = "Newspaper.API", "Newspaper.API\Newspaper.API.csproj", "{71266CF6-A9F4-4773-B265-4D58A9F65951}"
EndProject
Project("{FAE04EC0-301F-11D3-BF4B-00C04F79EFBC}") = "Newspaper.Core", "Newspaper.Core\Newspaper.Core.csproj", "{FF04359D-A1F8-446B-9556-003F443D2120}"
EndProject
Project("{FAE04EC0-301F-11D3-BF4B-00C04F79EFBC}") = "Newspaper.Infra", "Newspaper.Infra\Newspaper.Infra.csproj", "{49C3C068-4C50-4924-A517-330A5506F2F8}"
EndProject
Global
	GlobalSection(SolutionConfigurationPlatforms) = preSolution
		Debug|Any CPU = Debug|Any CPU
		Release|Any CPU = Release|Any CPU
	EndGlobalSection
	GlobalSection(ProjectConfigurationPlatforms) = postSolution
		{71266CF6-A9F4-4773-B265-4D58A9F65951}.Debug|Any CPU.ActiveCfg = Debug|Any CPU
		{71266CF6-A9F4-4773-B265-4D58A9F65951}.Debug|Any CPU.Build.0 = Debug|Any CPU
		{71266CF6-A9F4-4773-B265-4D58A9F65951}.Release|Any CPU.ActiveCfg = Release|Any CPU
		{71266CF6-A9F4-4773-B265-4D58A9F65951}.Release|Any CPU.Build.0 = Release|Any CPU
		{FF04359D-A1F8-446B-9556-003F443D2120}.Debug|Any CPU.ActiveCfg = Debug|Any CPU
		{FF04359D-A1F8-446B-9556-003F443D2120}.Debug|Any CPU.Build.0 = Debug|Any CPU
		{FF04359D-A1F8-446B-9556-003F443D2120}.Release|Any CPU.ActiveCfg = Release|Any CPU
		{FF04359D-A1F8-446B-9556-003F443D2120}.Release|Any CPU.Build.0 = Release|Any CPU
		{49C3C068-4C50-4924-A517-330A5506F2F8}.Debug|Any CPU.ActiveCfg = Debug|Any CPU
		{49C3C068-4C50-4924-A517-330A5506F2F8}.Debug|Any CPU.Build.0 = Debug|Any CPU
		{49C3C068-4C50-4924-A517-330A5506F2F8}.Release|Any CPU.ActiveCfg = Release|Any CPU
		{49C3C068-4C50-4924-A517-330A5506F2F8}.Release|Any CPU.Build.0 = Release|Any CPU
	EndGlobalSection
	GlobalSection(SolutionProperties) = preSolution
		HideSolutionNode = FALSE
	EndGlobalSection
	GlobalSection(ExtensibilityGlobals) = postSolution
		SolutionGuid = {AAE5367C-1CA4-4A5A-ABB6-97868DA1011B}
	EndGlobalSection
EndGlobal
